// !$*UTF8*$!
{
	archiveVersion = 1;
	classes = {
	};
	objectVersion = 55;
	objects = {

/* Begin PBXBuildFile section */
		76EDF50E2774164600ACB49C /* AppDelegate.swift in Sources */ = {isa = PBXBuildFile; fileRef = 76EDF50D2774164600ACB49C /* AppDelegate.swift */; };
		76EDF5102774164600ACB49C /* SceneDelegate.swift in Sources */ = {isa = PBXBuildFile; fileRef = 76EDF50F2774164600ACB49C /* SceneDelegate.swift */; };
		76EDF5122774164600ACB49C /* ViewController.swift in Sources */ = {isa = PBXBuildFile; fileRef = 76EDF5112774164600ACB49C /* ViewController.swift */; };
		76EDF5152774164600ACB49C /* Main.storyboard in Resources */ = {isa = PBXBuildFile; fileRef = 76EDF5132774164600ACB49C /* Main.storyboard */; };
		76EDF5182774164600ACB49C /* SwiftStudyII.xcdatamodeld in Sources */ = {isa = PBXBuildFile; fileRef = 76EDF5162774164600ACB49C /* SwiftStudyII.xcdatamodeld */; };
		76EDF51A2774164800ACB49C /* Assets.xcassets in Resources */ = {isa = PBXBuildFile; fileRef = 76EDF5192774164800ACB49C /* Assets.xcassets */; };
		76EDF51D2774164800ACB49C /* LaunchScreen.storyboard in Resources */ = {isa = PBXBuildFile; fileRef = 76EDF51B2774164800ACB49C /* LaunchScreen.storyboard */; };
		76EDF5282774164800ACB49C /* SwiftStudyIITests.swift in Sources */ = {isa = PBXBuildFile; fileRef = 76EDF5272774164800ACB49C /* SwiftStudyIITests.swift */; };
		76EDF5322774164800ACB49C /* SwiftStudyIIUITests.swift in Sources */ = {isa = PBXBuildFile; fileRef = 76EDF5312774164800ACB49C /* SwiftStudyIIUITests.swift */; };
		76EDF5342774164800ACB49C /* SwiftStudyIIUITestsLaunchTests.swift in Sources */ = {isa = PBXBuildFile; fileRef = 76EDF5332774164800ACB49C /* SwiftStudyIIUITestsLaunchTests.swift */; };
/* End PBXBuildFile section */

/* Begin PBXContainerItemProxy section */
		76EDF5242774164800ACB49C /* PBXContainerItemProxy */ = {
			isa = PBXContainerItemProxy;
			containerPortal = 76EDF5022774164600ACB49C /* Project object */;
			proxyType = 1;
			remoteGlobalIDString = 76EDF5092774164600ACB49C;
			remoteInfo = SwiftStudyII;
		};
		76EDF52E2774164800ACB49C /* PBXContainerItemProxy */ = {
			isa = PBXContainerItemProxy;
			containerPortal = 76EDF5022774164600ACB49C /* Project object */;
			proxyType = 1;
			remoteGlobalIDString = 76EDF5092774164600ACB49C;
			remoteInfo = SwiftStudyII;
		};
/* End PBXContainerItemProxy section */

/* Begin PBXFileReference section */
		76EDF50A2774164600ACB49C /* SwiftStudyII.app */ = {isa = PBXFileReference; explicitFileType = wrapper.application; includeInIndex = 0; path = SwiftStudyII.app; sourceTree = BUILT_PRODUCTS_DIR; };
		76EDF50D2774164600ACB49C /* AppDelegate.swift */ = {isa = PBXFileReference; lastKnownFileType = sourcecode.swift; path = AppDelegate.swift; sourceTree = "<group>"; };
		76EDF50F2774164600ACB49C /* SceneDelegate.swift */ = {isa = PBXFileReference; lastKnownFileType = sourcecode.swift; path = SceneDelegate.swift; sourceTree = "<group>"; };
		76EDF5112774164600ACB49C /* ViewController.swift */ = {isa = PBXFileReference; lastKnownFileType = sourcecode.swift; path = ViewController.swift; sourceTree = "<group>"; };
		76EDF5142774164600ACB49C /* Base */ = {isa = PBXFileReference; lastKnownFileType = file.storyboard; name = Base; path = Base.lproj/Main.storyboard; sourceTree = "<group>"; };
		76EDF5172774164600ACB49C /* SwiftStudyII.xcdatamodel */ = {isa = PBXFileReference; lastKnownFileType = wrapper.xcdatamodel; path = SwiftStudyII.xcdatamodel; sourceTree = "<group>"; };
		76EDF5192774164800ACB49C /* Assets.xcassets */ = {isa = PBXFileReference; lastKnownFileType = folder.assetcatalog; path = Assets.xcassets; sourceTree = "<group>"; };
		76EDF51C2774164800ACB49C /* Base */ = {isa = PBXFileReference; lastKnownFileType = file.storyboard; name = Base; path = Base.lproj/LaunchScreen.storyboard; sourceTree = "<group>"; };
		76EDF51E2774164800ACB49C /* Info.plist */ = {isa = PBXFileReference; lastKnownFileType = text.plist.xml; path = Info.plist; sourceTree = "<group>"; };
		76EDF5232774164800ACB49C /* SwiftStudyIITests.xctest */ = {isa = PBXFileReference; explicitFileType = wrapper.cfbundle; includeInIndex = 0; path = SwiftStudyIITests.xctest; sourceTree = BUILT_PRODUCTS_DIR; };
		76EDF5272774164800ACB49C /* SwiftStudyIITests.swift */ = {isa = PBXFileReference; lastKnownFileType = sourcecode.swift; path = SwiftStudyIITests.swift; sourceTree = "<group>"; };
		76EDF52D2774164800ACB49C /* SwiftStudyIIUITests.xctest */ = {isa = PBXFileReference; explicitFileType = wrapper.cfbundle; includeInIndex = 0; path = SwiftStudyIIUITests.xctest; sourceTree = BUILT_PRODUCTS_DIR; };
		76EDF5312774164800ACB49C /* SwiftStudyIIUITests.swift */ = {isa = PBXFileReference; lastKnownFileType = sourcecode.swift; path = SwiftStudyIIUITests.swift; sourceTree = "<group>"; };
		76EDF5332774164800ACB49C /* SwiftStudyIIUITestsLaunchTests.swift */ = {isa = PBXFileReference; lastKnownFileType = sourcecode.swift; path = SwiftStudyIIUITestsLaunchTests.swift; sourceTree = "<group>"; };
/* End PBXFileReference section */

/* Begin PBXFrameworksBuildPhase section */
		76EDF5072774164600ACB49C /* Frameworks */ = {
			isa = PBXFrameworksBuildPhase;
			buildActionMask = 2147483647;
			files = (
			);
			runOnlyForDeploymentPostprocessing = 0;
		};
		76EDF5202774164800ACB49C /* Frameworks */ = {
			isa = PBXFrameworksBuildPhase;
			buildActionMask = 2147483647;
			files = (
			);
			runOnlyForDeploymentPostprocessing = 0;
		};
		76EDF52A2774164800ACB49C /* Frameworks */ = {
			isa = PBXFrameworksBuildPhase;
			buildActionMask = 2147483647;
			files = (
			);
			runOnlyForDeploymentPostprocessing = 0;
		};
/* End PBXFrameworksBuildPhase section */

/* Begin PBXGroup section */
		76EDF5012774164600ACB49C = {
			isa = PBXGroup;
			children = (
				76EDF50C2774164600ACB49C /* SwiftStudyII */,
				76EDF5262774164800ACB49C /* SwiftStudyIITests */,
				76EDF5302774164800ACB49C /* SwiftStudyIIUITests */,
				76EDF50B2774164600ACB49C /* Products */,
			);
			sourceTree = "<group>";
		};
		76EDF50B2774164600ACB49C /* Products */ = {
			isa = PBXGroup;
			children = (
				76EDF50A2774164600ACB49C /* SwiftStudyII.app */,
				76EDF5232774164800ACB49C /* SwiftStudyIITests.xctest */,
				76EDF52D2774164800ACB49C /* SwiftStudyIIUITests.xctest */,
			);
			name = Products;
			sourceTree = "<group>";
		};
		76EDF50C2774164600ACB49C /* SwiftStudyII */ = {
			isa = PBXGroup;
			children = (
				76EDF50D2774164600ACB49C /* AppDelegate.swift */,
				76EDF50F2774164600ACB49C /* SceneDelegate.swift */,
				76EDF5112774164600ACB49C /* ViewController.swift */,
				76EDF5132774164600ACB49C /* Main.storyboard */,
				76EDF5192774164800ACB49C /* Assets.xcassets */,
				76EDF51B2774164800ACB49C /* LaunchScreen.storyboard */,
				76EDF51E2774164800ACB49C /* Info.plist */,
				76EDF5162774164600ACB49C /* SwiftStudyII.xcdatamodeld */,
			);
			path = SwiftStudyII;
			sourceTree = "<group>";
		};
		76EDF5262774164800ACB49C /* SwiftStudyIITests */ = {
			isa = PBXGroup;
			children = (
				76EDF5272774164800ACB49C /* SwiftStudyIITests.swift */,
			);
			path = SwiftStudyIITests;
			sourceTree = "<group>";
		};
		76EDF5302774164800ACB49C /* SwiftStudyIIUITests */ = {
			isa = PBXGroup;
			children = (
				76EDF5312774164800ACB49C /* SwiftStudyIIUITests.swift */,
				76EDF5332774164800ACB49C /* SwiftStudyIIUITestsLaunchTests.swift */,
			);
			path = SwiftStudyIIUITests;
			sourceTree = "<group>";
		};
/* End PBXGroup section */

/* Begin PBXNativeTarget section */
		76EDF5092774164600ACB49C /* SwiftStudyII */ = {
			isa = PBXNativeTarget;
			buildConfigurationList = 76EDF5372774164800ACB49C /* Build configuration list for PBXNativeTarget "SwiftStudyII" */;
			buildPhases = (
				76EDF5062774164600ACB49C /* Sources */,
				76EDF5072774164600ACB49C /* Frameworks */,
				76EDF5082774164600ACB49C /* Resources */,
			);
			buildRules = (
			);
			dependencies = (
			);
			name = SwiftStudyII;
			productName = SwiftStudyII;
			productReference = 76EDF50A2774164600ACB49C /* SwiftStudyII.app */;
			productType = "com.apple.product-type.application";
		};
		76EDF5222774164800ACB49C /* SwiftStudyIITests */ = {
			isa = PBXNativeTarget;
			buildConfigurationList = 76EDF53A2774164800ACB49C /* Build configuration list for PBXNativeTarget "SwiftStudyIITests" */;
			buildPhases = (
				76EDF51F2774164800ACB49C /* Sources */,
				76EDF5202774164800ACB49C /* Frameworks */,
				76EDF5212774164800ACB49C /* Resources */,
			);
			buildRules = (
			);
			dependencies = (
				76EDF5252774164800ACB49C /* PBXTargetDependency */,
			);
			name = SwiftStudyIITests;
			productName = SwiftStudyIITests;
			productReference = 76EDF5232774164800ACB49C /* SwiftStudyIITests.xctest */;
			productType = "com.apple.product-type.bundle.unit-test";
		};
		76EDF52C2774164800ACB49C /* SwiftStudyIIUITests */ = {
			isa = PBXNativeTarget;
			buildConfigurationList = 76EDF53D2774164800ACB49C /* Build configuration list for PBXNativeTarget "SwiftStudyIIUITests" */;
			buildPhases = (
				76EDF5292774164800ACB49C /* Sources */,
				76EDF52A2774164800ACB49C /* Frameworks */,
				76EDF52B2774164800ACB49C /* Resources */,
			);
			buildRules = (
			);
			dependencies = (
				76EDF52F2774164800ACB49C /* PBXTargetDependency */,
			);
			name = SwiftStudyIIUITests;
			productName = SwiftStudyIIUITests;
			productReference = 76EDF52D2774164800ACB49C /* SwiftStudyIIUITests.xctest */;
			productType = "com.apple.product-type.bundle.ui-testing";
		};
/* End PBXNativeTarget section */

/* Begin PBXProject section */
		76EDF5022774164600ACB49C /* Project object */ = {
			isa = PBXProject;
			attributes = {
				BuildIndependentTargetsInParallel = 1;
				LastSwiftUpdateCheck = 1320;
				LastUpgradeCheck = 1320;
				TargetAttributes = {
					76EDF5092774164600ACB49C = {
						CreatedOnToolsVersion = 13.2.1;
					};
					76EDF5222774164800ACB49C = {
						CreatedOnToolsVersion = 13.2.1;
						TestTargetID = 76EDF5092774164600ACB49C;
					};
					76EDF52C2774164800ACB49C = {
						CreatedOnToolsVersion = 13.2.1;
						TestTargetID = 76EDF5092774164600ACB49C;
					};
				};
			};
			buildConfigurationList = 76EDF5052774164600ACB49C /* Build configuration list for PBXProject "SwiftStudyII" */;
			compatibilityVersion = "Xcode 13.0";
			developmentRegion = en;
			hasScannedForEncodings = 0;
			knownRegions = (
				en,
				Base,
			);
			mainGroup = 76EDF5012774164600ACB49C;
			productRefGroup = 76EDF50B2774164600ACB49C /* Products */;
			projectDirPath = "";
			projectRoot = "";
			targets = (
				76EDF5092774164600ACB49C /* SwiftStudyII */,
				76EDF5222774164800ACB49C /* SwiftStudyIITests */,
				76EDF52C2774164800ACB49C /* SwiftStudyIIUITests */,
			);
		};
/* End PBXProject section */

/* Begin PBXResourcesBuildPhase section */
		76EDF5082774164600ACB49C /* Resources */ = {
			isa = PBXResourcesBuildPhase;
			buildActionMask = 2147483647;
			files = (
				76EDF51D2774164800ACB49C /* LaunchScreen.storyboard in Resources */,
				76EDF51A2774164800ACB49C /* Assets.xcassets in Resources */,
				76EDF5152774164600ACB49C /* Main.storyboard in Resources */,
			);
			runOnlyForDeploymentPostprocessing = 0;
		};
		76EDF5212774164800ACB49C /* Resources */ = {
			isa = PBXResourcesBuildPhase;
			buildActionMask = 2147483647;
			files = (
			);
			runOnlyForDeploymentPostprocessing = 0;
		};
		76EDF52B2774164800ACB49C /* Resources */ = {
			isa = PBXResourcesBuildPhase;
			buildActionMask = 2147483647;
			files = (
			);
			runOnlyForDeploymentPostprocessing = 0;
		};
/* End PBXResourcesBuildPhase section */

/* Begin PBXSourcesBuildPhase section */
		76EDF5062774164600ACB49C /* Sources */ = {
			isa = PBXSourcesBuildPhase;
			buildActionMask = 2147483647;
			files = (
				76EDF5122774164600ACB49C /* ViewController.swift in Sources */,
				76EDF5182774164600ACB49C /* SwiftStudyII.xcdatamodeld in Sources */,
				76EDF50E2774164600ACB49C /* AppDelegate.swift in Sources */,
				76EDF5102774164600ACB49C /* SceneDelegate.swift in Sources */,
			);
			runOnlyForDeploymentPostprocessing = 0;
		};
		76EDF51F2774164800ACB49C /* Sources */ = {
			isa = PBXSourcesBuildPhase;
			buildActionMask = 2147483647;
			files = (
				76EDF5282774164800ACB49C /* SwiftStudyIITests.swift in Sources */,
			);
			runOnlyForDeploymentPostprocessing = 0;
		};
		76EDF5292774164800ACB49C /* Sources */ = {
			isa = PBXSourcesBuildPhase;
			buildActionMask = 2147483647;
			files = (
				76EDF5342774164800ACB49C /* SwiftStudyIIUITestsLaunchTests.swift in Sources */,
				76EDF5322774164800ACB49C /* SwiftStudyIIUITests.swift in Sources */,
			);
			runOnlyForDeploymentPostprocessing = 0;
		};
/* End PBXSourcesBuildPhase section */

/* Begin PBXTargetDependency section */
		76EDF5252774164800ACB49C /* PBXTargetDependency */ = {
			isa = PBXTargetDependency;
			target = 76EDF5092774164600ACB49C /* SwiftStudyII */;
			targetProxy = 76EDF5242774164800ACB49C /* PBXContainerItemProxy */;
		};
		76EDF52F2774164800ACB49C /* PBXTargetDependency */ = {
			isa = PBXTargetDependency;
			target = 76EDF5092774164600ACB49C /* SwiftStudyII */;
			targetProxy = 76EDF52E2774164800ACB49C /* PBXContainerItemProxy */;
		};
/* End PBXTargetDependency section */

/* Begin PBXVariantGroup section */
		76EDF5132774164600ACB49C /* Main.storyboard */ = {
			isa = PBXVariantGroup;
			children = (
				76EDF5142774164600ACB49C /* Base */,
			);
			name = Main.storyboard;
			sourceTree = "<group>";
		};
		76EDF51B2774164800ACB49C /* LaunchScreen.storyboard */ = {
			isa = PBXVariantGroup;
			children = (
				76EDF51C2774164800ACB49C /* Base */,
			);
			name = LaunchScreen.storyboard;
			sourceTree = "<group>";
		};
/* End PBXVariantGroup section */

/* Begin XCBuildConfiguration section */
		76EDF5352774164800ACB49C /* Debug */ = {
			isa = XCBuildConfiguration;
			buildSettings = {
				ALWAYS_SEARCH_USER_PATHS = NO;
				CLANG_ANALYZER_NONNULL = YES;
				CLANG_ANALYZER_NUMBER_OBJECT_CONVERSION = YES_AGGRESSIVE;
				CLANG_CXX_LANGUAGE_STANDARD = "gnu++17";
				CLANG_CXX_LIBRARY = "libc++";
				CLANG_ENABLE_MODULES = YES;
				CLANG_ENABLE_OBJC_ARC = YES;
				CLANG_ENABLE_OBJC_WEAK = YES;
				CLANG_WARN_BLOCK_CAPTURE_AUTORELEASING = YES;
				CLANG_WARN_BOOL_CONVERSION = YES;
				CLANG_WARN_COMMA = YES;
				CLANG_WARN_CONSTANT_CONVERSION = YES;
				CLANG_WARN_DEPRECATED_OBJC_IMPLEMENTATIONS = YES;
				CLANG_WARN_DIRECT_OBJC_ISA_USAGE = YES_ERROR;
				CLANG_WARN_DOCUMENTATION_COMMENTS = YES;
				CLANG_WARN_EMPTY_BODY = YES;
				CLANG_WARN_ENUM_CONVERSION = YES;
				CLANG_WARN_INFINITE_RECURSION = YES;
				CLANG_WARN_INT_CONVERSION = YES;
				CLANG_WARN_NON_LITERAL_NULL_CONVERSION = YES;
				CLANG_WARN_OBJC_IMPLICIT_RETAIN_SELF = YES;
				CLANG_WARN_OBJC_LITERAL_CONVERSION = YES;
				CLANG_WARN_OBJC_ROOT_CLASS = YES_ERROR;
				CLANG_WARN_QUOTED_INCLUDE_IN_FRAMEWORK_HEADER = YES;
				CLANG_WARN_RANGE_LOOP_ANALYSIS = YES;
				CLANG_WARN_STRICT_PROTOTYPES = YES;
				CLANG_WARN_SUSPICIOUS_MOVE = YES;
				CLANG_WARN_UNGUARDED_AVAILABILITY = YES_AGGRESSIVE;
				CLANG_WARN_UNREACHABLE_CODE = YES;
				CLANG_WARN__DUPLICATE_METHOD_MATCH = YES;
				COPY_PHASE_STRIP = NO;
				DEBUG_INFORMATION_FORMAT = dwarf;
				ENABLE_STRICT_OBJC_MSGSEND = YES;
				ENABLE_TESTABILITY = YES;
				GCC_C_LANGUAGE_STANDARD = gnu11;
				GCC_DYNAMIC_NO_PIC = NO;
				GCC_NO_COMMON_BLOCKS = YES;
				GCC_OPTIMIZATION_LEVEL = 0;
				GCC_PREPROCESSOR_DEFINITIONS = (
					"DEBUG=1",
					"$(inherited)",
				);
				GCC_WARN_64_TO_32_BIT_CONVERSION = YES;
				GCC_WARN_ABOUT_RETURN_TYPE = YES_ERROR;
				GCC_WARN_UNDECLARED_SELECTOR = YES;
				GCC_WARN_UNINITIALIZED_AUTOS = YES_AGGRESSIVE;
				GCC_WARN_UNUSED_FUNCTION = YES;
				GCC_WARN_UNUSED_VARIABLE = YES;
				IPHONEOS_DEPLOYMENT_TARGET = 15.2;
				MTL_ENABLE_DEBUG_INFO = INCLUDE_SOURCE;
				MTL_FAST_MATH = YES;
				ONLY_ACTIVE_ARCH = YES;
				SDKROOT = iphoneos;
				SWIFT_ACTIVE_COMPILATION_CONDITIONS = DEBUG;
				SWIFT_OPTIMIZATION_LEVEL = "-Onone";
			};
			name = Debug;
		};
		76EDF5362774164800ACB49C /* Release */ = {
			isa = XCBuildConfiguration;
			buildSettings = {
				ALWAYS_SEARCH_USER_PATHS = NO;
				CLANG_ANALYZER_NONNULL = YES;
				CLANG_ANALYZER_NUMBER_OBJECT_CONVERSION = YES_AGGRESSIVE;
				CLANG_CXX_LANGUAGE_STANDARD = "gnu++17";
				CLANG_CXX_LIBRARY = "libc++";
				CLANG_ENABLE_MODULES = YES;
				CLANG_ENABLE_OBJC_ARC = YES;
				CLANG_ENABLE_OBJC_WEAK = YES;
				CLANG_WARN_BLOCK_CAPTURE_AUTORELEASING = YES;
				CLANG_WARN_BOOL_CONVERSION = YES;
				CLANG_WARN_COMMA = YES;
				CLANG_WARN_CONSTANT_CONVERSION = YES;
				CLANG_WARN_DEPRECATED_OBJC_IMPLEMENTATIONS = YES;
				CLANG_WARN_DIRECT_OBJC_ISA_USAGE = YES_ERROR;
				CLANG_WARN_DOCUMENTATION_COMMENTS = YES;
				CLANG_WARN_EMPTY_BODY = YES;
				CLANG_WARN_ENUM_CONVERSION = YES;
				CLANG_WARN_INFINITE_RECURSION = YES;
				CLANG_WARN_INT_CONVERSION = YES;
				CLANG_WARN_NON_LITERAL_NULL_CONVERSION = YES;
				CLANG_WARN_OBJC_IMPLICIT_RETAIN_SELF = YES;
				CLANG_WARN_OBJC_LITERAL_CONVERSION = YES;
				CLANG_WARN_OBJC_ROOT_CLASS = YES_ERROR;
				CLANG_WARN_QUOTED_INCLUDE_IN_FRAMEWORK_HEADER = YES;
				CLANG_WARN_RANGE_LOOP_ANALYSIS = YES;
				CLANG_WARN_STRICT_PROTOTYPES = YES;
				CLANG_WARN_SUSPICIOUS_MOVE = YES;
				CLANG_WARN_UNGUARDED_AVAILABILITY = YES_AGGRESSIVE;
				CLANG_WARN_UNREACHABLE_CODE = YES;
				CLANG_WARN__DUPLICATE_METHOD_MATCH = YES;
				COPY_PHASE_STRIP = NO;
				DEBUG_INFORMATION_FORMAT = "dwarf-with-dsym";
				ENABLE_NS_ASSERTIONS = NO;
				ENABLE_STRICT_OBJC_MSGSEND = YES;
				GCC_C_LANGUAGE_STANDARD = gnu11;
				GCC_NO_COMMON_BLOCKS = YES;
				GCC_WARN_64_TO_32_BIT_CONVERSION = YES;
				GCC_WARN_ABOUT_RETURN_TYPE = YES_ERROR;
				GCC_WARN_UNDECLARED_SELECTOR = YES;
				GCC_WARN_UNINITIALIZED_AUTOS = YES_AGGRESSIVE;
				GCC_WARN_UNUSED_FUNCTION = YES;
				GCC_WARN_UNUSED_VARIABLE = YES;
				IPHONEOS_DEPLOYMENT_TARGET = 15.2;
				MTL_ENABLE_DEBUG_INFO = NO;
				MTL_FAST_MATH = YES;
				SDKROOT = iphoneos;
				SWIFT_COMPILATION_MODE = wholemodule;
				SWIFT_OPTIMIZATION_LEVEL = "-O";
				VALIDATE_PRODUCT = YES;
			};
			name = Release;
		};
		76EDF5382774164800ACB49C /* Debug */ = {
			isa = XCBuildConfiguration;
			buildSettings = {
				ASSETCATALOG_COMPILER_APPICON_NAME = AppIcon;
				ASSETCATALOG_COMPILER_GLOBAL_ACCENT_COLOR_NAME = AccentColor;
				CODE_SIGN_STYLE = Automatic;
				CURRENT_PROJECT_VERSION = 1;
				DEVELOPMENT_TEAM = C6856H5F7F;
				GENERATE_INFOPLIST_FILE = YES;
				INFOPLIST_FILE = SwiftStudyII/Info.plist;
				INFOPLIST_KEY_UIApplicationSupportsIndirectInputEvents = YES;
				INFOPLIST_KEY_UILaunchStoryboardName = LaunchScreen;
				INFOPLIST_KEY_UIMainStoryboardFile = Main;
				INFOPLIST_KEY_UISupportedInterfaceOrientations_iPad = "UIInterfaceOrientationPortrait UIInterfaceOrientationPortraitUpsideDown UIInterfaceOrientationLandscapeLeft UIInterfaceOrientationLandscapeRight";
				INFOPLIST_KEY_UISupportedInterfaceOrientations_iPhone = "UIInterfaceOrientationPortrait UIInterfaceOrientationLandscapeLeft UIInterfaceOrientationLandscapeRight";
				LD_RUNPATH_SEARCH_PATHS = (
					"$(inherited)",
					"@executable_path/Frameworks",
				);
				MARKETING_VERSION = 1.0;
				PRODUCT_BUNDLE_IDENTIFIER = patrick.hotmail.com.SwiftStudyII;
				PRODUCT_NAME = "$(TARGET_NAME)";
				SWIFT_EMIT_LOC_STRINGS = YES;
				SWIFT_VERSION = 5.0;
				TARGETED_DEVICE_FAMILY = "1,2";
			};
			name = Debug;
		};
		76EDF5392774164800ACB49C /* Release */ = {
			isa = XCBuildConfiguration;
			buildSettings = {
				ASSETCATALOG_COMPILER_APPICON_NAME = AppIcon;
				ASSETCATALOG_COMPILER_GLOBAL_ACCENT_COLOR_NAME = AccentColor;
				CODE_SIGN_STYLE = Automatic;
				CURRENT_PROJECT_VERSION = 1;
				DEVELOPMENT_TEAM = C6856H5F7F;
				GENERATE_INFOPLIST_FILE = YES;
				INFOPLIST_FILE = SwiftStudyII/Info.plist;
				INFOPLIST_KEY_UIApplicationSupportsIndirectInputEvents = YES;
				INFOPLIST_KEY_UILaunchStoryboardName = LaunchScreen;
				INFOPLIST_KEY_UIMainStoryboardFile = Main;
				INFOPLIST_KEY_UISupportedInterfaceOrientations_iPad = "UIInterfaceOrientationPortrait UIInterfaceOrientationPortraitUpsideDown UIInterfaceOrientationLandscapeLeft UIInterfaceOrientationLandscapeRight";
				INFOPLIST_KEY_UISupportedInterfaceOrientations_iPhone = "UIInterfaceOrientationPortrait UIInterfaceOrientationLandscapeLeft UIInterfaceOrientationLandscapeRight";
				LD_RUNPATH_SEARCH_PATHS = (
					"$(inherited)",
					"@executable_path/Frameworks",
				);
				MARKETING_VERSION = 1.0;
				PRODUCT_BUNDLE_IDENTIFIER = patrick.hotmail.com.SwiftStudyII;
				PRODUCT_NAME = "$(TARGET_NAME)";
				SWIFT_EMIT_LOC_STRINGS = YES;
				SWIFT_VERSION = 5.0;
				TARGETED_DEVICE_FAMILY = "1,2";
			};
			name = Release;
		};
		76EDF53B2774164800ACB49C /* Debug */ = {
			isa = XCBuildConfiguration;
			buildSettings = {
				ALWAYS_EMBED_SWIFT_STANDARD_LIBRARIES = YES;
				BUNDLE_LOADER = "$(TEST_HOST)";
				CODE_SIGN_STYLE = Automatic;
				CURRENT_PROJECT_VERSION = 1;
				DEVELOPMENT_TEAM = C6856H5F7F;
				GENERATE_INFOPLIST_FILE = YES;
				IPHONEOS_DEPLOYMENT_TARGET = 15.2;
				MARKETING_VERSION = 1.0;
				PRODUCT_BUNDLE_IDENTIFIER = patrick.hotmail.com.SwiftStudyIITests;
				PRODUCT_NAME = "$(TARGET_NAME)";
				SWIFT_EMIT_LOC_STRINGS = NO;
				SWIFT_VERSION = 5.0;
				TARGETED_DEVICE_FAMILY = "1,2";
				TEST_HOST = "$(BUILT_PRODUCTS_DIR)/SwiftStudyII.app/SwiftStudyII";
			};
			name = Debug;
		};
		76EDF53C2774164800ACB49C /* Release */ = {
			isa = XCBuildConfiguration;
			buildSettings = {
				ALWAYS_EMBED_SWIFT_STANDARD_LIBRARIES = YES;
				BUNDLE_LOADER = "$(TEST_HOST)";
				CODE_SIGN_STYLE = Automatic;
				CURRENT_PROJECT_VERSION = 1;
				DEVELOPMENT_TEAM = C6856H5F7F;
				GENERATE_INFOPLIST_FILE = YES;
				IPHONEOS_DEPLOYMENT_TARGET = 15.2;
				MARKETING_VERSION = 1.0;
				PRODUCT_BUNDLE_IDENTIFIER = patrick.hotmail.com.SwiftStudyIITests;
				PRODUCT_NAME = "$(TARGET_NAME)";
				SWIFT_EMIT_LOC_STRINGS = NO;
				SWIFT_VERSION = 5.0;
				TARGETED_DEVICE_FAMILY = "1,2";
				TEST_HOST = "$(BUILT_PRODUCTS_DIR)/SwiftStudyII.app/SwiftStudyII";
			};
			name = Release;
		};
		76EDF53E2774164800ACB49C /* Debug */ = {
			isa = XCBuildConfiguration;
			buildSettings = {
				ALWAYS_EMBED_SWIFT_STANDARD_LIBRARIES = YES;
				CODE_SIGN_STYLE = Automatic;
				CURRENT_PROJECT_VERSION = 1;
				DEVELOPMENT_TEAM = C6856H5F7F;
				GENERATE_INFOPLIST_FILE = YES;
				MARKETING_VERSION = 1.0;
				PRODUCT_BUNDLE_IDENTIFIER = patrick.hotmail.com.SwiftStudyIIUITests;
				PRODUCT_NAME = "$(TARGET_NAME)";
				SWIFT_EMIT_LOC_STRINGS = NO;
				SWIFT_VERSION = 5.0;
				TARGETED_DEVICE_FAMILY = "1,2";
				TEST_TARGET_NAME = SwiftStudyII;
			};
			name = Debug;
		};
		76EDF53F2774164800ACB49C /* Release */ = {
			isa = XCBuildConfiguration;
			buildSettings = {
				ALWAYS_EMBED_SWIFT_STANDARD_LIBRARIES = YES;
				CODE_SIGN_STYLE = Automatic;
				CURRENT_PROJECT_VERSION = 1;
				DEVELOPMENT_TEAM = C6856H5F7F;
				GENERATE_INFOPLIST_FILE = YES;
				MARKETING_VERSION = 1.0;
				PRODUCT_BUNDLE_IDENTIFIER = patrick.hotmail.com.SwiftStudyIIUITests;
				PRODUCT_NAME = "$(TARGET_NAME)";
				SWIFT_EMIT_LOC_STRINGS = NO;
				SWIFT_VERSION = 5.0;
				TARGETED_DEVICE_FAMILY = "1,2";
				TEST_TARGET_NAME = SwiftStudyII;
			};
			name = Release;
		};
/* End XCBuildConfiguration section */

/* Begin XCConfigurationList section */
		76EDF5052774164600ACB49C /* Build configuration list for PBXProject "SwiftStudyII" */ = {
			isa = XCConfigurationList;
			buildConfigurations = (
				76EDF5352774164800ACB49C /* Debug */,
				76EDF5362774164800ACB49C /* Release */,
			);
			defaultConfigurationIsVisible = 0;
			defaultConfigurationName = Release;
		};
		76EDF5372774164800ACB49C /* Build configuration list for PBXNativeTarget "SwiftStudyII" */ = {
			isa = XCConfigurationList;
			buildConfigurations = (
				76EDF5382774164800ACB49C /* Debug */,
				76EDF5392774164800ACB49C /* Release */,
			);
			defaultConfigurationIsVisible = 0;
			defaultConfigurationName = Release;
		};
		76EDF53A2774164800ACB49C /* Build configuration list for PBXNativeTarget "SwiftStudyIITests" */ = {
			isa = XCConfigurationList;
			buildConfigurations = (
				76EDF53B2774164800ACB49C /* Debug */,
				76EDF53C2774164800ACB49C /* Release */,
			);
			defaultConfigurationIsVisible = 0;
			defaultConfigurationName = Release;
		};
		76EDF53D2774164800ACB49C /* Build configuration list for PBXNativeTarget "SwiftStudyIIUITests" */ = {
			isa = XCConfigurationList;
			buildConfigurations = (
				76EDF53E2774164800ACB49C /* Debug */,
				76EDF53F2774164800ACB49C /* Release */,
			);
			defaultConfigurationIsVisible = 0;
			defaultConfigurationName = Release;
		};
/* End XCConfigurationList section */

/* Begin XCVersionGroup section */
		76EDF5162774164600ACB49C /* SwiftStudyII.xcdatamodeld */ = {
			isa = XCVersionGroup;
			children = (
				76EDF5172774164600ACB49C /* SwiftStudyII.xcdatamodel */,
			);
			currentVersion = 76EDF5172774164600ACB49C /* SwiftStudyII.xcdatamodel */;
			path = SwiftStudyII.xcdatamodeld;
			sourceTree = "<group>";
			versionGroupType = wrapper.xcdatamodel;
		};
/* End XCVersionGroup section */
	};
	rootObject = 76EDF5022774164600ACB49C /* Project object */;
}
